
Microsoft Visual Studio Solution File, Format Version 12.00
Project("{FAE04EC0-301F-11D3-BF4B-00C04F79EFBC}") = "VkApi", "VkApi\VkApi.csproj", "{9B0DF872-5DC2-4842-A082-869838D63086}"
EndProject
Project("{FAE04EC0-301F-11D3-BF4B-00C04F79EFBC}") = "VkApi.Tests", "VkApi.Tests\VkApi.Tests.csproj", "{FB9B0D1D-69A1-4EC6-ACC6-7B0BD7053402}"
EndProject
Global
	GlobalSection(SolutionConfigurationPlatforms) = preSolution
		Debug|Any CPU = Debug|Any CPU
		Release|Any CPU = Release|Any CPU
	EndGlobalSection
	GlobalSection(ProjectConfigurationPlatforms) = postSolution
		{9B0DF872-5DC2-4842-A082-869838D63086}.Debug|Any CPU.ActiveCfg = Debug|Any CPU
		{9B0DF872-5DC2-4842-A082-869838D63086}.Debug|Any CPU.Build.0 = Debug|Any CPU
		{9B0DF872-5DC2-4842-A082-869838D63086}.Release|Any CPU.ActiveCfg = Release|Any CPU
		{9B0DF872-5DC2-4842-A082-869838D63086}.Release|Any CPU.Build.0 = Release|Any CPU
		{FB9B0D1D-69A1-4EC6-ACC6-7B0BD7053402}.Debug|Any CPU.ActiveCfg = Debug|Any CPU
		{FB9B0D1D-69A1-4EC6-ACC6-7B0BD7053402}.Debug|Any CPU.Build.0 = Debug|Any CPU
		{FB9B0D1D-69A1-4EC6-ACC6-7B0BD7053402}.Release|Any CPU.ActiveCfg = Release|Any CPU
		{FB9B0D1D-69A1-4EC6-ACC6-7B0BD7053402}.Release|Any CPU.Build.0 = Release|Any CPU
	EndGlobalSection
EndGlobal
